
Microsoft Visual Studio Solution File, Format Version 12.00
# Visual Studio Version 17
VisualStudioVersion = 17.4.33122.133
MinimumVisualStudioVersion = 10.0.40219.1
Project("{FAE04EC0-301F-11D3-BF4B-00C04F79EFBC}") = "RemoveElementArr", "RemoveElementArr\RemoveElementArr.csproj", "{8AA4724B-833C-43AE-870B-350A0E319178}"
EndProject
Project("{FAE04EC0-301F-11D3-BF4B-00C04F79EFBC}") = "RemoveElementArr.Tests", "RemoveElementArr.Tests\RemoveElementArr.Tests.csproj", "{8880F9A7-E40D-4210-9AF9-320009C3F2F5}"
EndProject
Global
	GlobalSection(SolutionConfigurationPlatforms) = preSolution
		Debug|Any CPU = Debug|Any CPU
		Release|Any CPU = Release|Any CPU
	EndGlobalSection
	GlobalSection(ProjectConfigurationPlatforms) = postSolution
		{8AA4724B-833C-43AE-870B-350A0E319178}.Debug|Any CPU.ActiveCfg = Debug|Any CPU
		{8AA4724B-833C-43AE-870B-350A0E319178}.Debug|Any CPU.Build.0 = Debug|Any CPU
		{8AA4724B-833C-43AE-870B-350A0E319178}.Release|Any CPU.ActiveCfg = Release|Any CPU
		{8AA4724B-833C-43AE-870B-350A0E319178}.Release|Any CPU.Build.0 = Release|Any CPU
		{8880F9A7-E40D-4210-9AF9-320009C3F2F5}.Debug|Any CPU.ActiveCfg = Debug|Any CPU
		{8880F9A7-E40D-4210-9AF9-320009C3F2F5}.Debug|Any CPU.Build.0 = Debug|Any CPU
		{8880F9A7-E40D-4210-9AF9-320009C3F2F5}.Release|Any CPU.ActiveCfg = Release|Any CPU
		{8880F9A7-E40D-4210-9AF9-320009C3F2F5}.Release|Any CPU.Build.0 = Release|Any CPU
	EndGlobalSection
	GlobalSection(SolutionProperties) = preSolution
		HideSolutionNode = FALSE
	EndGlobalSection
	GlobalSection(ExtensibilityGlobals) = postSolution
		SolutionGuid = {5EB28AF8-F581-487B-99F3-9A19053801B7}
	EndGlobalSection
EndGlobal
